# Generated by buf. DO NOT EDIT.
version: v1
deps:
  - remote: buf.build
    owner: googleapis
    repository: googleapis
    commit: 2011a25076274e6b974567fbf6697481
    digest: shake256:7149cf5e9955c692d381e557830555d4e93f205a0f1b8e2dfdae46d029369aa3fc1980e35df0d310f7cc3b622f93e19ad276769a283a967dd3065ddfd3a40e13
  - remote: buf.build
    owner: voxelbee
    repository: googleapis
    commit: 15fbd0bf7f6d4eb997445dc55612ca6d
    digest: shake256:a32849125ab7cb11dbfa7124984a55f051515b429f67b8c916fc6b64442f76183a0dda572b6c2db9c6aa52ec547e7587360a887527177c636cc7055a3e7ffdd7
